
Microsoft Visual Studio Solution File, Format Version 12.00
# Visual Studio 15
Project("{FAE04EC0-301F-11D3-BF4B-00C04F79EFBC}") = "Assembly-CSharp-Editor", "Assembly-CSharp-Editor.csproj", "{A9C81DA1-6646-689F-50D5-3C797C6C4324}"
EndProject
Project("{FAE04EC0-301F-11D3-BF4B-00C04F79EFBC}") = "Assembly-CSharp", "Assembly-CSharp.csproj", "{0FB1DC28-9F5F-7333-E6CF-F4E45C5612A8}"
EndProject
Project("{FAE04EC0-301F-11D3-BF4B-00C04F79EFBC}") = "Assembly-CSharp-firstpass", "Assembly-CSharp-firstpass.csproj", "{BD3476BC-175A-51A4-AA4A-8701141F0B0A}"
EndProject
Global
	GlobalSection(SolutionConfigurationPlatforms) = preSolution
		Debug|Any CPU = Debug|Any CPU
		Release|Any CPU = Release|Any CPU
	EndGlobalSection
	GlobalSection(ProjectConfigurationPlatforms) = postSolution
		{A9C81DA1-6646-689F-50D5-3C797C6C4324}.Debug|Any CPU.ActiveCfg = Debug|Any CPU
		{A9C81DA1-6646-689F-50D5-3C797C6C4324}.Debug|Any CPU.Build.0 = Debug|Any CPU
		{A9C81DA1-6646-689F-50D5-3C797C6C4324}.Release|Any CPU.ActiveCfg = Release|Any CPU
		{A9C81DA1-6646-689F-50D5-3C797C6C4324}.Release|Any CPU.Build.0 = Release|Any CPU
		{0FB1DC28-9F5F-7333-E6CF-F4E45C5612A8}.Debug|Any CPU.ActiveCfg = Debug|Any CPU
		{0FB1DC28-9F5F-7333-E6CF-F4E45C5612A8}.Debug|Any CPU.Build.0 = Debug|Any CPU
		{0FB1DC28-9F5F-7333-E6CF-F4E45C5612A8}.Release|Any CPU.ActiveCfg = Release|Any CPU
		{0FB1DC28-9F5F-7333-E6CF-F4E45C5612A8}.Release|Any CPU.Build.0 = Release|Any CPU
		{BD3476BC-175A-51A4-AA4A-8701141F0B0A}.Debug|Any CPU.ActiveCfg = Debug|Any CPU
		{BD3476BC-175A-51A4-AA4A-8701141F0B0A}.Debug|Any CPU.Build.0 = Debug|Any CPU
		{BD3476BC-175A-51A4-AA4A-8701141F0B0A}.Release|Any CPU.ActiveCfg = Release|Any CPU
		{BD3476BC-175A-51A4-AA4A-8701141F0B0A}.Release|Any CPU.Build.0 = Release|Any CPU
	EndGlobalSection
	GlobalSection(SolutionProperties) = preSolution
		HideSolutionNode = FALSE
	EndGlobalSection
EndGlobal
